
Microsoft Visual Studio Solution File, Format Version 12.00
# Visual Studio Version 17
VisualStudioVersion = 17.0.31903.59
MinimumVisualStudioVersion = 10.0.40219.1
Project("{FAE04EC0-301F-11D3-BF4B-00C04F79EFBC}") = "MCQ3.API", "MCQ2.API\MCQ3.API.csproj", "{620107A3-B27C-4DC9-AE39-37098BF2F86E}"
EndProject
Project("{FAE04EC0-301F-11D3-BF4B-00C04F79EFBC}") = "MCQ3.DataConnect", "MCQ2.DataConnect\MCQ3.DataConnect.csproj", "{9B9F6FBB-9531-4289-957F-9194CF98D039}"
EndProject
Global
	GlobalSection(SolutionConfigurationPlatforms) = preSolution
		Debug|Any CPU = Debug|Any CPU
		Debug|x64 = Debug|x64
		Debug|x86 = Debug|x86
		Release|Any CPU = Release|Any CPU
		Release|x64 = Release|x64
		Release|x86 = Release|x86
	EndGlobalSection
	GlobalSection(ProjectConfigurationPlatforms) = postSolution
		{620107A3-B27C-4DC9-AE39-37098BF2F86E}.Debug|Any CPU.ActiveCfg = Debug|Any CPU
		{620107A3-B27C-4DC9-AE39-37098BF2F86E}.Debug|Any CPU.Build.0 = Debug|Any CPU
		{620107A3-B27C-4DC9-AE39-37098BF2F86E}.Debug|x64.ActiveCfg = Debug|Any CPU
		{620107A3-B27C-4DC9-AE39-37098BF2F86E}.Debug|x64.Build.0 = Debug|Any CPU
		{620107A3-B27C-4DC9-AE39-37098BF2F86E}.Debug|x86.ActiveCfg = Debug|Any CPU
		{620107A3-B27C-4DC9-AE39-37098BF2F86E}.Debug|x86.Build.0 = Debug|Any CPU
		{620107A3-B27C-4DC9-AE39-37098BF2F86E}.Release|Any CPU.ActiveCfg = Release|Any CPU
		{620107A3-B27C-4DC9-AE39-37098BF2F86E}.Release|Any CPU.Build.0 = Release|Any CPU
		{620107A3-B27C-4DC9-AE39-37098BF2F86E}.Release|x64.ActiveCfg = Release|Any CPU
		{620107A3-B27C-4DC9-AE39-37098BF2F86E}.Release|x64.Build.0 = Release|Any CPU
		{620107A3-B27C-4DC9-AE39-37098BF2F86E}.Release|x86.ActiveCfg = Release|Any CPU
		{620107A3-B27C-4DC9-AE39-37098BF2F86E}.Release|x86.Build.0 = Release|Any CPU
		{9B9F6FBB-9531-4289-957F-9194CF98D039}.Debug|Any CPU.ActiveCfg = Debug|Any CPU
		{9B9F6FBB-9531-4289-957F-9194CF98D039}.Debug|Any CPU.Build.0 = Debug|Any CPU
		{9B9F6FBB-9531-4289-957F-9194CF98D039}.Debug|x64.ActiveCfg = Debug|Any CPU
		{9B9F6FBB-9531-4289-957F-9194CF98D039}.Debug|x64.Build.0 = Debug|Any CPU
		{9B9F6FBB-9531-4289-957F-9194CF98D039}.Debug|x86.ActiveCfg = Debug|Any CPU
		{9B9F6FBB-9531-4289-957F-9194CF98D039}.Debug|x86.Build.0 = Debug|Any CPU
		{9B9F6FBB-9531-4289-957F-9194CF98D039}.Release|Any CPU.ActiveCfg = Release|Any CPU
		{9B9F6FBB-9531-4289-957F-9194CF98D039}.Release|Any CPU.Build.0 = Release|Any CPU
		{9B9F6FBB-9531-4289-957F-9194CF98D039}.Release|x64.ActiveCfg = Release|Any CPU
		{9B9F6FBB-9531-4289-957F-9194CF98D039}.Release|x64.Build.0 = Release|Any CPU
		{9B9F6FBB-9531-4289-957F-9194CF98D039}.Release|x86.ActiveCfg = Release|Any CPU
		{9B9F6FBB-9531-4289-957F-9194CF98D039}.Release|x86.Build.0 = Release|Any CPU
	EndGlobalSection
	GlobalSection(SolutionProperties) = preSolution
		HideSolutionNode = FALSE
	EndGlobalSection
	GlobalSection(NestedProjects) = preSolution
		{620107A3-B27C-4DC9-AE39-37098BF2F86E} = {1AE8ACA6-933B-BF2A-3671-3E2EAC007D16}
		{9B9F6FBB-9531-4289-957F-9194CF98D039} = {1AE8ACA6-933B-BF2A-3671-3E2EAC007D16}
	EndGlobalSection
	GlobalSection(ExtensibilityGlobals) = postSolution
		SolutionGuid = {AC0FAC20-A51A-49F1-A73D-A656A1D4B69F}
	EndGlobalSection
EndGlobal
